
Microsoft Visual Studio Solution File, Format Version 12.00
# Visual Studio Version 16
VisualStudioVersion = 16.0.29409.12
MinimumVisualStudioVersion = 10.0.40219.1
Project("{FAE04EC0-301F-11D3-BF4B-00C04F79EFBC}") = "AspnTreeViewFiles", "AspnTreeViewFiles\AspnTreeViewFiles.csproj", "{4D7493D5-D907-481B-81FA-F984BEDC6229}"
EndProject
Global
	GlobalSection(SolutionConfigurationPlatforms) = preSolution
		Debug|Any CPU = Debug|Any CPU
		Release|Any CPU = Release|Any CPU
	EndGlobalSection
	GlobalSection(ProjectConfigurationPlatforms) = postSolution
		{4D7493D5-D907-481B-81FA-F984BEDC6229}.Debug|Any CPU.ActiveCfg = Debug|Any CPU
		{4D7493D5-D907-481B-81FA-F984BEDC6229}.Debug|Any CPU.Build.0 = Debug|Any CPU
		{4D7493D5-D907-481B-81FA-F984BEDC6229}.Release|Any CPU.ActiveCfg = Release|Any CPU
		{4D7493D5-D907-481B-81FA-F984BEDC6229}.Release|Any CPU.Build.0 = Release|Any CPU
	EndGlobalSection
	GlobalSection(SolutionProperties) = preSolution
		HideSolutionNode = FALSE
	EndGlobalSection
	GlobalSection(ExtensibilityGlobals) = postSolution
		SolutionGuid = {CDD76EF6-C3AD-4EAC-9B33-49C512DFFF0E}
	EndGlobalSection
EndGlobal
